
Microsoft Visual Studio Solution File, Format Version 12.00
# Visual Studio Version 16
VisualStudioVersion = 16.0.29905.134
MinimumVisualStudioVersion = 10.0.40219.1
Project("{FAE04EC0-301F-11D3-BF4B-00C04F79EFBC}") = "GitTest", "GitTest.csproj", "{03158660-E311-42E0-B8AC-EB0278371357}"
EndProject
Global
	GlobalSection(SolutionConfigurationPlatforms) = preSolution
		Debug|Any CPU = Debug|Any CPU
		Release|Any CPU = Release|Any CPU
	EndGlobalSection
	GlobalSection(ProjectConfigurationPlatforms) = postSolution
		{03158660-E311-42E0-B8AC-EB0278371357}.Debug|Any CPU.ActiveCfg = Debug|Any CPU
		{03158660-E311-42E0-B8AC-EB0278371357}.Debug|Any CPU.Build.0 = Debug|Any CPU
		{03158660-E311-42E0-B8AC-EB0278371357}.Release|Any CPU.ActiveCfg = Release|Any CPU
		{03158660-E311-42E0-B8AC-EB0278371357}.Release|Any CPU.Build.0 = Release|Any CPU
	EndGlobalSection
	GlobalSection(SolutionProperties) = preSolution
		HideSolutionNode = FALSE
	EndGlobalSection
	GlobalSection(ExtensibilityGlobals) = postSolution
		SolutionGuid = {FB60F173-2392-4F3A-80A7-7ACCFDF8F5A1}
	EndGlobalSection
EndGlobal
